// !$*UTF8*$!
{
	archiveVersion = 1;
	classes = {
	};
	objectVersion = 56;
	objects = {

/* Begin PBXBuildFile section */
		B72D38A32C805B4700B90BEB /* AppDelegate.swift in Sources */ = {isa = PBXBuildFile; fileRef = B72D38A22C805B4700B90BEB /* AppDelegate.swift */; };
		B72D38A52C805B4700B90BEB /* SceneDelegate.swift in Sources */ = {isa = PBXBuildFile; fileRef = B72D38A42C805B4700B90BEB /* SceneDelegate.swift */; };
		B72D38AC2C805B4900B90BEB /* Assets.xcassets in Resources */ = {isa = PBXBuildFile; fileRef = B72D38AB2C805B4900B90BEB /* Assets.xcassets */; };
		B72D38AF2C805B4900B90BEB /* Base in Resources */ = {isa = PBXBuildFile; fileRef = B72D38AE2C805B4900B90BEB /* Base */; };
		B72D38BB2C805B8100B90BEB /* HomeViewController.swift in Sources */ = {isa = PBXBuildFile; fileRef = B72D38BA2C805B8100B90BEB /* HomeViewController.swift */; };
		B72D38C02C805B9F00B90BEB /* LeaderboardViewController.swift in Sources */ = {isa = PBXBuildFile; fileRef = B72D38BF2C805B9F00B90BEB /* LeaderboardViewController.swift */; };
		B72D38C22C805BA600B90BEB /* ProfileViewController.swift in Sources */ = {isa = PBXBuildFile; fileRef = B72D38C12C805BA600B90BEB /* ProfileViewController.swift */; };
		B72D38C82C805BEE00B90BEB /* NetworkingManager.swift in Sources */ = {isa = PBXBuildFile; fileRef = B72D38C72C805BEE00B90BEB /* NetworkingManager.swift */; };
		B72D38CA2C805BFB00B90BEB /* MyViewModel.swift in Sources */ = {isa = PBXBuildFile; fileRef = B72D38C92C805BFB00B90BEB /* MyViewModel.swift */; };
		B72D38D22C805C8C00B90BEB /* Constants.swift in Sources */ = {isa = PBXBuildFile; fileRef = B72D38D12C805C8C00B90BEB /* Constants.swift */; };
		B72D38D42C805D1500B90BEB /* Theme.swift in Sources */ = {isa = PBXBuildFile; fileRef = B72D38D32C805D1500B90BEB /* Theme.swift */; };
		B72D38E42C806A9200B90BEB /* SFPRODISPLAYBOLD.OTF in Resources */ = {isa = PBXBuildFile; fileRef = B72D38E12C806A9200B90BEB /* SFPRODISPLAYBOLD.OTF */; };
		B72D38E52C806A9200B90BEB /* SFPRODISPLAYMEDIUM.OTF in Resources */ = {isa = PBXBuildFile; fileRef = B72D38E22C806A9200B90BEB /* SFPRODISPLAYMEDIUM.OTF */; };
		B72D38E62C806A9200B90BEB /* SFPRODISPLAYREGULAR.OTF in Resources */ = {isa = PBXBuildFile; fileRef = B72D38E32C806A9200B90BEB /* SFPRODISPLAYREGULAR.OTF */; };
		B72D38E92C80978100B90BEB /* UILabel+Extension.swift in Sources */ = {isa = PBXBuildFile; fileRef = B72D38E82C80978100B90BEB /* UILabel+Extension.swift */; };
		B73FFE392CA291EC00DE5A90 /* DetailView.swift in Sources */ = {isa = PBXBuildFile; fileRef = B73FFE382CA291EC00DE5A90 /* DetailView.swift */; };
		B73FFE3B2CA2921600DE5A90 /* DetailViewController.swift in Sources */ = {isa = PBXBuildFile; fileRef = B73FFE3A2CA2921600DE5A90 /* DetailViewController.swift */; };
		B73FFE3D2CA31E6800DE5A90 /* GoogleService-Info.plist in Resources */ = {isa = PBXBuildFile; fileRef = B73FFE3C2CA31E6800DE5A90 /* GoogleService-Info.plist */; };
		B73FFE412CA31F9800DE5A90 /* FirebaseAnalytics in Frameworks */ = {isa = PBXBuildFile; productRef = B73FFE402CA31F9800DE5A90 /* FirebaseAnalytics */; };
		B73FFE432CA31F9800DE5A90 /* FirebaseAnalyticsOnDeviceConversion in Frameworks */ = {isa = PBXBuildFile; productRef = B73FFE422CA31F9800DE5A90 /* FirebaseAnalyticsOnDeviceConversion */; };
		B73FFE452CA31F9800DE5A90 /* FirebaseAnalyticsWithoutAdIdSupport in Frameworks */ = {isa = PBXBuildFile; productRef = B73FFE442CA31F9800DE5A90 /* FirebaseAnalyticsWithoutAdIdSupport */; };
		B73FFE472CA31F9800DE5A90 /* FirebaseAppCheck in Frameworks */ = {isa = PBXBuildFile; productRef = B73FFE462CA31F9800DE5A90 /* FirebaseAppCheck */; };
		B73FFE492CA31F9800DE5A90 /* FirebaseAppDistribution-Beta in Frameworks */ = {isa = PBXBuildFile; productRef = B73FFE482CA31F9800DE5A90 /* FirebaseAppDistribution-Beta */; };
		B73FFE4B2CA31F9800DE5A90 /* FirebaseAuth in Frameworks */ = {isa = PBXBuildFile; productRef = B73FFE4A2CA31F9800DE5A90 /* FirebaseAuth */; };
		B73FFE4E2CA31FCF00DE5A90 /* GoogleSignIn in Frameworks */ = {isa = PBXBuildFile; productRef = B73FFE4D2CA31FCF00DE5A90 /* GoogleSignIn */; };
		B73FFE502CA31FCF00DE5A90 /* GoogleSignInSwift in Frameworks */ = {isa = PBXBuildFile; productRef = B73FFE4F2CA31FCF00DE5A90 /* GoogleSignInSwift */; };
		B73FFE532CA321F500DE5A90 /* GoogleService.swift in Sources */ = {isa = PBXBuildFile; fileRef = B73FFE522CA321F500DE5A90 /* GoogleService.swift */; };
		B73FFE552CA3234700DE5A90 /* app_utility.swift in Sources */ = {isa = PBXBuildFile; fileRef = B73FFE542CA3234700DE5A90 /* app_utility.swift */; };
		B73FFE582CA32CC800DE5A90 /* SignInViewController.swift in Sources */ = {isa = PBXBuildFile; fileRef = B73FFE572CA32CC800DE5A90 /* SignInViewController.swift */; };
		B74D4A9E2CA4C1DE0032FCB2 /* ProfileView.swift in Sources */ = {isa = PBXBuildFile; fileRef = B74D4A9D2CA4C1DE0032FCB2 /* ProfileView.swift */; };
		B7A9A4532CA3124300737F5D /* QuizViewController.swift in Sources */ = {isa = PBXBuildFile; fileRef = B7A9A4522CA3124300737F5D /* QuizViewController.swift */; };
		B7A9A4572CA3127A00737F5D /* QuizView.swift in Sources */ = {isa = PBXBuildFile; fileRef = B7A9A4562CA3127A00737F5D /* QuizView.swift */; };
		B7A9A4592CA3141500737F5D /* QuizModel.swift in Sources */ = {isa = PBXBuildFile; fileRef = B7A9A4582CA3141500737F5D /* QuizModel.swift */; };
		B7A9A45B2CA314EE00737F5D /* OptionModel.swift in Sources */ = {isa = PBXBuildFile; fileRef = B7A9A45A2CA314EE00737F5D /* OptionModel.swift */; };
		B7A9A45D2CA3156600737F5D /* QuizMock.swift in Sources */ = {isa = PBXBuildFile; fileRef = B7A9A45C2CA3156600737F5D /* QuizMock.swift */; };
		B7A9A4632CA31F1600737F5D /* ReusableOptionRow.swift in Sources */ = {isa = PBXBuildFile; fileRef = B7A9A4622CA31F1600737F5D /* ReusableOptionRow.swift */; };
		B7A9A4652CA3217800737F5D /* OptionMock.swift in Sources */ = {isa = PBXBuildFile; fileRef = B7A9A4642CA3217800737F5D /* OptionMock.swift */; };
		B7C3B61E2CA48F7600A2677D /* UserModel.swift in Sources */ = {isa = PBXBuildFile; fileRef = B7C3B61D2CA48F7600A2677D /* UserModel.swift */; };
		B7C3B6202CA4908E00A2677D /* AssetModel.swift in Sources */ = {isa = PBXBuildFile; fileRef = B7C3B61F2CA4908E00A2677D /* AssetModel.swift */; };
		B7C3B6222CA4923A00A2677D /* UserMock.swift in Sources */ = {isa = PBXBuildFile; fileRef = B7C3B6212CA4923A00A2677D /* UserMock.swift */; };
		B7C3B6242CA4928200A2677D /* AssetMock.swift in Sources */ = {isa = PBXBuildFile; fileRef = B7C3B6232CA4928200A2677D /* AssetMock.swift */; };
		B7C3B6272CA497BA00A2677D /* GetUserById.swift in Sources */ = {isa = PBXBuildFile; fileRef = B7C3B6262CA497BA00A2677D /* GetUserById.swift */; };
		B7C3B6292CA4982900A2677D /* GetUserByUserId.swift in Sources */ = {isa = PBXBuildFile; fileRef = B7C3B6282CA4982900A2677D /* GetUserByUserId.swift */; };
		B7C3B62B2CA49BEE00A2677D /* GetAllUser.swift in Sources */ = {isa = PBXBuildFile; fileRef = B7C3B62A2CA49BEE00A2677D /* GetAllUser.swift */; };
		B7C3B62D2CA49C7C00A2677D /* GetAllUserViewModel.swift in Sources */ = {isa = PBXBuildFile; fileRef = B7C3B62C2CA49C7C00A2677D /* GetAllUserViewModel.swift */; };
		B7C3B62F2CA4AEB700A2677D /* ScriptModel.swift in Sources */ = {isa = PBXBuildFile; fileRef = B7C3B62E2CA4AEB700A2677D /* ScriptModel.swift */; };
		B7C3B6312CA4B06D00A2677D /* GetAllCourses.swift in Sources */ = {isa = PBXBuildFile; fileRef = B7C3B6302CA4B06D00A2677D /* GetAllCourses.swift */; };
		B7C3B6352CA4B0DD00A2677D /* GetCourseViewModel.swift in Sources */ = {isa = PBXBuildFile; fileRef = B7C3B6342CA4B0DD00A2677D /* GetCourseViewModel.swift */; };
		B7C3B6372CA4B47600A2677D /* RewardViewController.swift in Sources */ = {isa = PBXBuildFile; fileRef = B7C3B6362CA4B47600A2677D /* RewardViewController.swift */; };
		B7DD9E412C81F57500B777F7 /* LeaderboardCell.swift in Sources */ = {isa = PBXBuildFile; fileRef = B7DD9E402C81F57500B777F7 /* LeaderboardCell.swift */; };
		B7DD9E452C81F9D100B777F7 /* LeaderboardModel.swift in Sources */ = {isa = PBXBuildFile; fileRef = B7DD9E442C81F9D100B777F7 /* LeaderboardModel.swift */; };
		B7DD9E472C82004600B777F7 /* LeaderboardMock.swift in Sources */ = {isa = PBXBuildFile; fileRef = B7DD9E462C82004600B777F7 /* LeaderboardMock.swift */; };
		B7DD9E492C8264CF00B777F7 /* CourseCell.swift in Sources */ = {isa = PBXBuildFile; fileRef = B7DD9E482C8264CF00B777F7 /* CourseCell.swift */; };
		B7DD9E4B2C83173A00B777F7 /* ReusableSearchBar.swift in Sources */ = {isa = PBXBuildFile; fileRef = B7DD9E4A2C83173A00B777F7 /* ReusableSearchBar.swift */; };
		B7DD9E4D2C83760400B777F7 /* CourseModel.swift in Sources */ = {isa = PBXBuildFile; fileRef = B7DD9E4C2C83760400B777F7 /* CourseModel.swift */; };
		B7DD9E4F2C83768200B777F7 /* GlossaryModel.swift in Sources */ = {isa = PBXBuildFile; fileRef = B7DD9E4E2C83768200B777F7 /* GlossaryModel.swift */; };
		B7DD9E512C8377BF00B777F7 /* CourseMock.swift in Sources */ = {isa = PBXBuildFile; fileRef = B7DD9E502C8377BF00B777F7 /* CourseMock.swift */; };
		B7DD9E532C8377F600B777F7 /* GlossaryMock.swift in Sources */ = {isa = PBXBuildFile; fileRef = B7DD9E522C8377F600B777F7 /* GlossaryMock.swift */; };
		B7FF86732C846FF800348538 /* BaseTabBarController.swift in Sources */ = {isa = PBXBuildFile; fileRef = B7FF86722C846FF800348538 /* BaseTabBarController.swift */; };
/* End PBXBuildFile section */

/* Begin PBXFileReference section */
		B72D389F2C805B4700B90BEB /* Learning Corner for Thai.app */ = {isa = PBXFileReference; explicitFileType = wrapper.application; includeInIndex = 0; path = "Learning Corner for Thai.app"; sourceTree = BUILT_PRODUCTS_DIR; };
		B72D38A22C805B4700B90BEB /* AppDelegate.swift */ = {isa = PBXFileReference; lastKnownFileType = sourcecode.swift; path = AppDelegate.swift; sourceTree = "<group>"; };
		B72D38A42C805B4700B90BEB /* SceneDelegate.swift */ = {isa = PBXFileReference; lastKnownFileType = sourcecode.swift; path = SceneDelegate.swift; sourceTree = "<group>"; };
		B72D38AB2C805B4900B90BEB /* Assets.xcassets */ = {isa = PBXFileReference; lastKnownFileType = folder.assetcatalog; path = Assets.xcassets; sourceTree = "<group>"; };
		B72D38AE2C805B4900B90BEB /* Base */ = {isa = PBXFileReference; lastKnownFileType = file.storyboard; name = Base; path = Base.lproj/LaunchScreen.storyboard; sourceTree = "<group>"; };
		B72D38B02C805B4900B90BEB /* Info.plist */ = {isa = PBXFileReference; lastKnownFileType = text.plist.xml; path = Info.plist; sourceTree = "<group>"; };
		B72D38BA2C805B8100B90BEB /* HomeViewController.swift */ = {isa = PBXFileReference; lastKnownFileType = sourcecode.swift; path = HomeViewController.swift; sourceTree = "<group>"; };
		B72D38BF2C805B9F00B90BEB /* LeaderboardViewController.swift */ = {isa = PBXFileReference; lastKnownFileType = sourcecode.swift; path = LeaderboardViewController.swift; sourceTree = "<group>"; };
		B72D38C12C805BA600B90BEB /* ProfileViewController.swift */ = {isa = PBXFileReference; lastKnownFileType = sourcecode.swift; path = ProfileViewController.swift; sourceTree = "<group>"; };
		B72D38C72C805BEE00B90BEB /* NetworkingManager.swift */ = {isa = PBXFileReference; lastKnownFileType = sourcecode.swift; path = NetworkingManager.swift; sourceTree = "<group>"; };
		B72D38C92C805BFB00B90BEB /* MyViewModel.swift */ = {isa = PBXFileReference; lastKnownFileType = sourcecode.swift; path = MyViewModel.swift; sourceTree = "<group>"; };
		B72D38D12C805C8C00B90BEB /* Constants.swift */ = {isa = PBXFileReference; lastKnownFileType = sourcecode.swift; path = Constants.swift; sourceTree = "<group>"; };
		B72D38D32C805D1500B90BEB /* Theme.swift */ = {isa = PBXFileReference; lastKnownFileType = sourcecode.swift; path = Theme.swift; sourceTree = "<group>"; };
		B72D38E12C806A9200B90BEB /* SFPRODISPLAYBOLD.OTF */ = {isa = PBXFileReference; lastKnownFileType = file; path = SFPRODISPLAYBOLD.OTF; sourceTree = "<group>"; };
		B72D38E22C806A9200B90BEB /* SFPRODISPLAYMEDIUM.OTF */ = {isa = PBXFileReference; lastKnownFileType = file; path = SFPRODISPLAYMEDIUM.OTF; sourceTree = "<group>"; };
		B72D38E32C806A9200B90BEB /* SFPRODISPLAYREGULAR.OTF */ = {isa = PBXFileReference; lastKnownFileType = file; path = SFPRODISPLAYREGULAR.OTF; sourceTree = "<group>"; };
		B72D38E82C80978100B90BEB /* UILabel+Extension.swift */ = {isa = PBXFileReference; lastKnownFileType = sourcecode.swift; path = "UILabel+Extension.swift"; sourceTree = "<group>"; };
		B73FFE382CA291EC00DE5A90 /* DetailView.swift */ = {isa = PBXFileReference; lastKnownFileType = sourcecode.swift; path = DetailView.swift; sourceTree = "<group>"; };
		B73FFE3A2CA2921600DE5A90 /* DetailViewController.swift */ = {isa = PBXFileReference; lastKnownFileType = sourcecode.swift; path = DetailViewController.swift; sourceTree = "<group>"; };
		B73FFE3C2CA31E6800DE5A90 /* GoogleService-Info.plist */ = {isa = PBXFileReference; fileEncoding = 4; lastKnownFileType = text.plist.xml; path = "GoogleService-Info.plist"; sourceTree = "<group>"; };
		B73FFE522CA321F500DE5A90 /* GoogleService.swift */ = {isa = PBXFileReference; lastKnownFileType = sourcecode.swift; path = GoogleService.swift; sourceTree = "<group>"; };
		B73FFE542CA3234700DE5A90 /* app_utility.swift */ = {isa = PBXFileReference; lastKnownFileType = sourcecode.swift; path = app_utility.swift; sourceTree = "<group>"; };
		B73FFE572CA32CC800DE5A90 /* SignInViewController.swift */ = {isa = PBXFileReference; lastKnownFileType = sourcecode.swift; path = SignInViewController.swift; sourceTree = "<group>"; };
		B74D4A9D2CA4C1DE0032FCB2 /* ProfileView.swift */ = {isa = PBXFileReference; lastKnownFileType = sourcecode.swift; path = ProfileView.swift; sourceTree = "<group>"; };
		B7A9A4522CA3124300737F5D /* QuizViewController.swift */ = {isa = PBXFileReference; lastKnownFileType = sourcecode.swift; path = QuizViewController.swift; sourceTree = "<group>"; };
		B7A9A4562CA3127A00737F5D /* QuizView.swift */ = {isa = PBXFileReference; lastKnownFileType = sourcecode.swift; path = QuizView.swift; sourceTree = "<group>"; };
		B7A9A4582CA3141500737F5D /* QuizModel.swift */ = {isa = PBXFileReference; lastKnownFileType = sourcecode.swift; path = QuizModel.swift; sourceTree = "<group>"; };
		B7A9A45A2CA314EE00737F5D /* OptionModel.swift */ = {isa = PBXFileReference; lastKnownFileType = sourcecode.swift; path = OptionModel.swift; sourceTree = "<group>"; };
		B7A9A45C2CA3156600737F5D /* QuizMock.swift */ = {isa = PBXFileReference; lastKnownFileType = sourcecode.swift; path = QuizMock.swift; sourceTree = "<group>"; };
		B7A9A4622CA31F1600737F5D /* ReusableOptionRow.swift */ = {isa = PBXFileReference; lastKnownFileType = sourcecode.swift; path = ReusableOptionRow.swift; sourceTree = "<group>"; };
		B7A9A4642CA3217800737F5D /* OptionMock.swift */ = {isa = PBXFileReference; lastKnownFileType = sourcecode.swift; path = OptionMock.swift; sourceTree = "<group>"; };
		B7C3B61D2CA48F7600A2677D /* UserModel.swift */ = {isa = PBXFileReference; lastKnownFileType = sourcecode.swift; path = UserModel.swift; sourceTree = "<group>"; };
		B7C3B61F2CA4908E00A2677D /* AssetModel.swift */ = {isa = PBXFileReference; lastKnownFileType = sourcecode.swift; path = AssetModel.swift; sourceTree = "<group>"; };
		B7C3B6212CA4923A00A2677D /* UserMock.swift */ = {isa = PBXFileReference; lastKnownFileType = sourcecode.swift; path = UserMock.swift; sourceTree = "<group>"; };
		B7C3B6232CA4928200A2677D /* AssetMock.swift */ = {isa = PBXFileReference; lastKnownFileType = sourcecode.swift; path = AssetMock.swift; sourceTree = "<group>"; };
		B7C3B6262CA497BA00A2677D /* GetUserById.swift */ = {isa = PBXFileReference; lastKnownFileType = sourcecode.swift; path = GetUserById.swift; sourceTree = "<group>"; };
		B7C3B6282CA4982900A2677D /* GetUserByUserId.swift */ = {isa = PBXFileReference; lastKnownFileType = sourcecode.swift; path = GetUserByUserId.swift; sourceTree = "<group>"; };
		B7C3B62A2CA49BEE00A2677D /* GetAllUser.swift */ = {isa = PBXFileReference; lastKnownFileType = sourcecode.swift; path = GetAllUser.swift; sourceTree = "<group>"; };
		B7C3B62C2CA49C7C00A2677D /* GetAllUserViewModel.swift */ = {isa = PBXFileReference; lastKnownFileType = sourcecode.swift; path = GetAllUserViewModel.swift; sourceTree = "<group>"; };
		B7C3B62E2CA4AEB700A2677D /* ScriptModel.swift */ = {isa = PBXFileReference; lastKnownFileType = sourcecode.swift; path = ScriptModel.swift; sourceTree = "<group>"; };
		B7C3B6302CA4B06D00A2677D /* GetAllCourses.swift */ = {isa = PBXFileReference; lastKnownFileType = sourcecode.swift; path = GetAllCourses.swift; sourceTree = "<group>"; };
		B7C3B6342CA4B0DD00A2677D /* GetCourseViewModel.swift */ = {isa = PBXFileReference; lastKnownFileType = sourcecode.swift; path = GetCourseViewModel.swift; sourceTree = "<group>"; };
		B7C3B6362CA4B47600A2677D /* RewardViewController.swift */ = {isa = PBXFileReference; lastKnownFileType = sourcecode.swift; path = RewardViewController.swift; sourceTree = "<group>"; };
		B7DD9E402C81F57500B777F7 /* LeaderboardCell.swift */ = {isa = PBXFileReference; lastKnownFileType = sourcecode.swift; path = LeaderboardCell.swift; sourceTree = "<group>"; };
		B7DD9E442C81F9D100B777F7 /* LeaderboardModel.swift */ = {isa = PBXFileReference; lastKnownFileType = sourcecode.swift; path = LeaderboardModel.swift; sourceTree = "<group>"; };
		B7DD9E462C82004600B777F7 /* LeaderboardMock.swift */ = {isa = PBXFileReference; lastKnownFileType = sourcecode.swift; path = LeaderboardMock.swift; sourceTree = "<group>"; };
		B7DD9E482C8264CF00B777F7 /* CourseCell.swift */ = {isa = PBXFileReference; lastKnownFileType = sourcecode.swift; path = CourseCell.swift; sourceTree = "<group>"; };
		B7DD9E4A2C83173A00B777F7 /* ReusableSearchBar.swift */ = {isa = PBXFileReference; lastKnownFileType = sourcecode.swift; path = ReusableSearchBar.swift; sourceTree = "<group>"; };
		B7DD9E4C2C83760400B777F7 /* CourseModel.swift */ = {isa = PBXFileReference; lastKnownFileType = sourcecode.swift; path = CourseModel.swift; sourceTree = "<group>"; };
		B7DD9E4E2C83768200B777F7 /* GlossaryModel.swift */ = {isa = PBXFileReference; lastKnownFileType = sourcecode.swift; path = GlossaryModel.swift; sourceTree = "<group>"; };
		B7DD9E502C8377BF00B777F7 /* CourseMock.swift */ = {isa = PBXFileReference; lastKnownFileType = sourcecode.swift; path = CourseMock.swift; sourceTree = "<group>"; };
		B7DD9E522C8377F600B777F7 /* GlossaryMock.swift */ = {isa = PBXFileReference; lastKnownFileType = sourcecode.swift; path = GlossaryMock.swift; sourceTree = "<group>"; };
		B7FF86722C846FF800348538 /* BaseTabBarController.swift */ = {isa = PBXFileReference; lastKnownFileType = sourcecode.swift; path = BaseTabBarController.swift; sourceTree = "<group>"; };
/* End PBXFileReference section */

/* Begin PBXFrameworksBuildPhase section */
		B72D389C2C805B4700B90BEB /* Frameworks */ = {
			isa = PBXFrameworksBuildPhase;
			buildActionMask = 2147483647;
			files = (
				B73FFE472CA31F9800DE5A90 /* FirebaseAppCheck in Frameworks */,
				B73FFE4B2CA31F9800DE5A90 /* FirebaseAuth in Frameworks */,
				B73FFE412CA31F9800DE5A90 /* FirebaseAnalytics in Frameworks */,
				B73FFE502CA31FCF00DE5A90 /* GoogleSignInSwift in Frameworks */,
				B73FFE492CA31F9800DE5A90 /* FirebaseAppDistribution-Beta in Frameworks */,
				B73FFE452CA31F9800DE5A90 /* FirebaseAnalyticsWithoutAdIdSupport in Frameworks */,
				B73FFE432CA31F9800DE5A90 /* FirebaseAnalyticsOnDeviceConversion in Frameworks */,
				B73FFE4E2CA31FCF00DE5A90 /* GoogleSignIn in Frameworks */,
			);
			runOnlyForDeploymentPostprocessing = 0;
		};
/* End PBXFrameworksBuildPhase section */

/* Begin PBXGroup section */
		B72D38962C805B4700B90BEB = {
			isa = PBXGroup;
			children = (
				B72D38A12C805B4700B90BEB /* Learning Corner for Thai */,
				B72D38A02C805B4700B90BEB /* Products */,
				B73FFE3F2CA31F9800DE5A90 /* Frameworks */,
			);
			sourceTree = "<group>";
		};
		B72D38A02C805B4700B90BEB /* Products */ = {
			isa = PBXGroup;
			children = (
				B72D389F2C805B4700B90BEB /* Learning Corner for Thai.app */,
			);
			name = Products;
			sourceTree = "<group>";
		};
		B72D38A12C805B4700B90BEB /* Learning Corner for Thai */ = {
			isa = PBXGroup;
			children = (
				B73FFE512CA321DA00DE5A90 /* Service */,
				B73FFE3C2CA31E6800DE5A90 /* GoogleService-Info.plist */,
				B72D38E72C80976100B90BEB /* Extension */,
				B72D38CE2C805C7000B90BEB /* Helper */,
				B72D38CD2C805C5C00B90BEB /* DataProvider */,
				B72D38C62C805BE300B90BEB /* Utility */,
				B72D38B62C805B4B00B90BEB /* Model */,
				B72D38B72C805B4F00B90BEB /* View */,
				B72D38B82C805B5600B90BEB /* ViewModel */,
				B72D38B92C805B5C00B90BEB /* Supporting */,
				B72D38B02C805B4900B90BEB /* Info.plist */,
			);
			path = "Learning Corner for Thai";
			sourceTree = "<group>";
		};
		B72D38B62C805B4B00B90BEB /* Model */ = {
			isa = PBXGroup;
			children = (
				B7DD9E442C81F9D100B777F7 /* LeaderboardModel.swift */,
				B7DD9E4C2C83760400B777F7 /* CourseModel.swift */,
				B7DD9E4E2C83768200B777F7 /* GlossaryModel.swift */,
				B7A9A4582CA3141500737F5D /* QuizModel.swift */,
				B7A9A45A2CA314EE00737F5D /* OptionModel.swift */,
				B7C3B61D2CA48F7600A2677D /* UserModel.swift */,
				B7C3B61F2CA4908E00A2677D /* AssetModel.swift */,
				B7C3B62E2CA4AEB700A2677D /* ScriptModel.swift */,
			);
			path = Model;
			sourceTree = "<group>";
		};
		B72D38B72C805B4F00B90BEB /* View */ = {
			isa = PBXGroup;
			children = (

				B73FFE562CA32CA500DE5A90 /* Auth */,
				B73FFE372CA291C500DE5A90 /* Child */,

				B7A9A4552CA3126C00737F5D /* Child */,

				B72D38C32C805BAC00B90BEB /* ReusableComponents */,
				B72D38BE2C805B9600B90BEB /* Profile */,
				B72D38BD2C805B8D00B90BEB /* Leaderboard */,
				B72D38BC2C805B8400B90BEB /* Home */,
				B7FF86722C846FF800348538 /* BaseTabBarController.swift */,
			);
			path = View;
			sourceTree = "<group>";
		};
		B72D38B82C805B5600B90BEB /* ViewModel */ = {
			isa = PBXGroup;
			children = (
				B7C3B6332CA4B0CD00A2677D /* User */,
				B7C3B6322CA4B0C700A2677D /* Course */,
				B72D38C92C805BFB00B90BEB /* MyViewModel.swift */,
			);
			path = ViewModel;
			sourceTree = "<group>";
		};
		B72D38B92C805B5C00B90BEB /* Supporting */ = {
			isa = PBXGroup;
			children = (
				B72D38E12C806A9200B90BEB /* SFPRODISPLAYBOLD.OTF */,
				B72D38E22C806A9200B90BEB /* SFPRODISPLAYMEDIUM.OTF */,
				B72D38E32C806A9200B90BEB /* SFPRODISPLAYREGULAR.OTF */,
				B72D38A22C805B4700B90BEB /* AppDelegate.swift */,
				B72D38A42C805B4700B90BEB /* SceneDelegate.swift */,
				B72D38AB2C805B4900B90BEB /* Assets.xcassets */,
				B72D38AD2C805B4900B90BEB /* LaunchScreen.storyboard */,
			);
			path = Supporting;
			sourceTree = "<group>";
		};
		B72D38BC2C805B8400B90BEB /* Home */ = {
			isa = PBXGroup;
			children = (
				B72D38BA2C805B8100B90BEB /* HomeViewController.swift */,
				B73FFE3A2CA2921600DE5A90 /* DetailViewController.swift */,
				B7A9A4522CA3124300737F5D /* QuizViewController.swift */,
				B7C3B6362CA4B47600A2677D /* RewardViewController.swift */,
			);
			path = Home;
			sourceTree = "<group>";
		};
		B72D38BD2C805B8D00B90BEB /* Leaderboard */ = {
			isa = PBXGroup;
			children = (
				B72D38BF2C805B9F00B90BEB /* LeaderboardViewController.swift */,
			);
			path = Leaderboard;
			sourceTree = "<group>";
		};
		B72D38BE2C805B9600B90BEB /* Profile */ = {
			isa = PBXGroup;
			children = (
				B72D38C12C805BA600B90BEB /* ProfileViewController.swift */,
			);
			path = Profile;
			sourceTree = "<group>";
		};
		B72D38C32C805BAC00B90BEB /* ReusableComponents */ = {
			isa = PBXGroup;
			children = (
				B7DD9E402C81F57500B777F7 /* LeaderboardCell.swift */,
				B7DD9E482C8264CF00B777F7 /* CourseCell.swift */,
				B7DD9E4A2C83173A00B777F7 /* ReusableSearchBar.swift */,
				B7A9A4622CA31F1600737F5D /* ReusableOptionRow.swift */,
			);
			path = ReusableComponents;
			sourceTree = "<group>";
		};
		B72D38C62C805BE300B90BEB /* Utility */ = {
			isa = PBXGroup;
			children = (
				B72D38C72C805BEE00B90BEB /* NetworkingManager.swift */,
				B73FFE542CA3234700DE5A90 /* app_utility.swift */,
			);
			path = Utility;
			sourceTree = "<group>";
		};
		B72D38CD2C805C5C00B90BEB /* DataProvider */ = {
			isa = PBXGroup;
			children = (
				B7DD9E462C82004600B777F7 /* LeaderboardMock.swift */,
				B7DD9E502C8377BF00B777F7 /* CourseMock.swift */,
				B7DD9E522C8377F600B777F7 /* GlossaryMock.swift */,
				B7A9A45C2CA3156600737F5D /* QuizMock.swift */,
				B7A9A4642CA3217800737F5D /* OptionMock.swift */,
				B7C3B6212CA4923A00A2677D /* UserMock.swift */,
				B7C3B6232CA4928200A2677D /* AssetMock.swift */,
			);
			path = DataProvider;
			sourceTree = "<group>";
		};
		B72D38CE2C805C7000B90BEB /* Helper */ = {
			isa = PBXGroup;
			children = (
				B72D38D12C805C8C00B90BEB /* Constants.swift */,
				B72D38D32C805D1500B90BEB /* Theme.swift */,
				B7C3B6262CA497BA00A2677D /* GetUserById.swift */,
				B7C3B62A2CA49BEE00A2677D /* GetAllUser.swift */,
				B7C3B6302CA4B06D00A2677D /* GetAllCourses.swift */,
			);
			path = Helper;
			sourceTree = "<group>";
		};
		B72D38E72C80976100B90BEB /* Extension */ = {
			isa = PBXGroup;
			children = (
				B72D38E82C80978100B90BEB /* UILabel+Extension.swift */,
			);
			path = Extension;
			sourceTree = "<group>";
		};

		B73FFE372CA291C500DE5A90 /* Child */ = {
			isa = PBXGroup;
			children = (
				B73FFE382CA291EC00DE5A90 /* DetailView.swift */,
        
        

		B7A9A4552CA3126C00737F5D /* Child */ = {
			isa = PBXGroup;
			children = (
				B7A9A4562CA3127A00737F5D /* QuizView.swift */,
				B74D4A9D2CA4C1DE0032FCB2 /* ProfileView.swift */,

			);
			path = Child;
			sourceTree = "<group>";
		};

		B73FFE3F2CA31F9800DE5A90 /* Frameworks */ = {
			isa = PBXGroup;
			children = (
			);
			name = Frameworks;
			sourceTree = "<group>";
		};
		B73FFE512CA321DA00DE5A90 /* Service */ = {
			isa = PBXGroup;
			children = (
				B73FFE522CA321F500DE5A90 /* GoogleService.swift */,
			);
			path = Service;
			sourceTree = "<group>";
		};
		B73FFE562CA32CA500DE5A90 /* Auth */ = {
			isa = PBXGroup;
			children = (
				B73FFE572CA32CC800DE5A90 /* SignInViewController.swift */,
			);
			path = Auth;

		B7C3B6322CA4B0C700A2677D /* Course */ = {
			isa = PBXGroup;
			children = (
				B7C3B6342CA4B0DD00A2677D /* GetCourseViewModel.swift */,
			);
			path = Course;
			sourceTree = "<group>";
		};
		B7C3B6332CA4B0CD00A2677D /* User */ = {
			isa = PBXGroup;
			children = (
				B7C3B6282CA4982900A2677D /* GetUserByUserId.swift */,
				B7C3B62C2CA49C7C00A2677D /* GetAllUserViewModel.swift */,
			);
			path = User;

			sourceTree = "<group>";
		};
/* End PBXGroup section */

/* Begin PBXNativeTarget section */
		B72D389E2C805B4700B90BEB /* Learning Corner for Thai */ = {
			isa = PBXNativeTarget;
			buildConfigurationList = B72D38B32C805B4900B90BEB /* Build configuration list for PBXNativeTarget "Learning Corner for Thai" */;
			buildPhases = (
				B72D389B2C805B4700B90BEB /* Sources */,
				B72D389C2C805B4700B90BEB /* Frameworks */,
				B72D389D2C805B4700B90BEB /* Resources */,
			);
			buildRules = (
			);
			dependencies = (
			);
			name = "Learning Corner for Thai";
			packageProductDependencies = (
				B73FFE402CA31F9800DE5A90 /* FirebaseAnalytics */,
				B73FFE422CA31F9800DE5A90 /* FirebaseAnalyticsOnDeviceConversion */,
				B73FFE442CA31F9800DE5A90 /* FirebaseAnalyticsWithoutAdIdSupport */,
				B73FFE462CA31F9800DE5A90 /* FirebaseAppCheck */,
				B73FFE482CA31F9800DE5A90 /* FirebaseAppDistribution-Beta */,
				B73FFE4A2CA31F9800DE5A90 /* FirebaseAuth */,
				B73FFE4D2CA31FCF00DE5A90 /* GoogleSignIn */,
				B73FFE4F2CA31FCF00DE5A90 /* GoogleSignInSwift */,
			);
			productName = "Learning Corner for Thai";
			productReference = B72D389F2C805B4700B90BEB /* Learning Corner for Thai.app */;
			productType = "com.apple.product-type.application";
		};
/* End PBXNativeTarget section */

/* Begin PBXProject section */
		B72D38972C805B4700B90BEB /* Project object */ = {
			isa = PBXProject;
			attributes = {
				BuildIndependentTargetsInParallel = 1;
				LastSwiftUpdateCheck = 1530;
				LastUpgradeCheck = 1530;
				TargetAttributes = {
					B72D389E2C805B4700B90BEB = {
						CreatedOnToolsVersion = 15.3;
					};
				};
			};
			buildConfigurationList = B72D389A2C805B4700B90BEB /* Build configuration list for PBXProject "Learning Corner for Thai" */;
			compatibilityVersion = "Xcode 14.0";
			developmentRegion = en;
			hasScannedForEncodings = 0;
			knownRegions = (
				en,
				Base,
			);
			mainGroup = B72D38962C805B4700B90BEB;
			packageReferences = (
				B73FFE3E2CA31F1A00DE5A90 /* XCRemoteSwiftPackageReference "firebase-ios-sdk" */,
				B73FFE4C2CA31FCF00DE5A90 /* XCRemoteSwiftPackageReference "GoogleSignIn-iOS" */,
			);
			productRefGroup = B72D38A02C805B4700B90BEB /* Products */;
			projectDirPath = "";
			projectRoot = "";
			targets = (
				B72D389E2C805B4700B90BEB /* Learning Corner for Thai */,
			);
		};
/* End PBXProject section */

/* Begin PBXResourcesBuildPhase section */
		B72D389D2C805B4700B90BEB /* Resources */ = {
			isa = PBXResourcesBuildPhase;
			buildActionMask = 2147483647;
			files = (
				B72D38AC2C805B4900B90BEB /* Assets.xcassets in Resources */,
				B72D38E42C806A9200B90BEB /* SFPRODISPLAYBOLD.OTF in Resources */,
				B73FFE3D2CA31E6800DE5A90 /* GoogleService-Info.plist in Resources */,
				B72D38E52C806A9200B90BEB /* SFPRODISPLAYMEDIUM.OTF in Resources */,
				B72D38E62C806A9200B90BEB /* SFPRODISPLAYREGULAR.OTF in Resources */,
				B72D38AF2C805B4900B90BEB /* Base in Resources */,
			);
			runOnlyForDeploymentPostprocessing = 0;
		};
/* End PBXResourcesBuildPhase section */

/* Begin PBXSourcesBuildPhase section */
		B72D389B2C805B4700B90BEB /* Sources */ = {
			isa = PBXSourcesBuildPhase;
			buildActionMask = 2147483647;
			files = (
				B7DD9E4B2C83173A00B777F7 /* ReusableSearchBar.swift in Sources */,
				B72D38C22C805BA600B90BEB /* ProfileViewController.swift in Sources */,
				B72D38D22C805C8C00B90BEB /* Constants.swift in Sources */,
				B7C3B6292CA4982900A2677D /* GetUserByUserId.swift in Sources */,
				B7FF86732C846FF800348538 /* BaseTabBarController.swift in Sources */,
				B72D38CA2C805BFB00B90BEB /* MyViewModel.swift in Sources */,
				B7DD9E532C8377F600B777F7 /* GlossaryMock.swift in Sources */,
				B72D38A32C805B4700B90BEB /* AppDelegate.swift in Sources */,
				B73FFE532CA321F500DE5A90 /* GoogleService.swift in Sources */,
				B73FFE582CA32CC800DE5A90 /* SignInViewController.swift in Sources */,
				B73FFE552CA3234700DE5A90 /* app_utility.swift in Sources */,
				B7DD9E472C82004600B777F7 /* LeaderboardMock.swift in Sources */,
				B72D38C02C805B9F00B90BEB /* LeaderboardViewController.swift in Sources */,
				B7C3B6242CA4928200A2677D /* AssetMock.swift in Sources */,
				B7C3B6372CA4B47600A2677D /* RewardViewController.swift in Sources */,
				B7DD9E412C81F57500B777F7 /* LeaderboardCell.swift in Sources */,
				B73FFE392CA291EC00DE5A90 /* DetailView.swift in Sources */,
				B73FFE3B2CA2921600DE5A90 /* DetailViewController.swift in Sources */,
				B7DD9E512C8377BF00B777F7 /* CourseMock.swift in Sources */,
				B72D38A52C805B4700B90BEB /* SceneDelegate.swift in Sources */,
				B7DD9E452C81F9D100B777F7 /* LeaderboardModel.swift in Sources */,
				B7C3B62B2CA49BEE00A2677D /* GetAllUser.swift in Sources */,
				B7A9A4572CA3127A00737F5D /* QuizView.swift in Sources */,
				B7A9A45B2CA314EE00737F5D /* OptionModel.swift in Sources */,
				B72D38C82C805BEE00B90BEB /* NetworkingManager.swift in Sources */,
				B7DD9E4F2C83768200B777F7 /* GlossaryModel.swift in Sources */,
				B7C3B6312CA4B06D00A2677D /* GetAllCourses.swift in Sources */,
				B7A9A4532CA3124300737F5D /* QuizViewController.swift in Sources */,
				B7C3B6272CA497BA00A2677D /* GetUserById.swift in Sources */,
				B7C3B62F2CA4AEB700A2677D /* ScriptModel.swift in Sources */,
				B7C3B6352CA4B0DD00A2677D /* GetCourseViewModel.swift in Sources */,
				B72D38E92C80978100B90BEB /* UILabel+Extension.swift in Sources */,
				B7C3B6202CA4908E00A2677D /* AssetModel.swift in Sources */,
				B7A9A45D2CA3156600737F5D /* QuizMock.swift in Sources */,
				B7DD9E492C8264CF00B777F7 /* CourseCell.swift in Sources */,
				B7C3B62D2CA49C7C00A2677D /* GetAllUserViewModel.swift in Sources */,
				B72D38D42C805D1500B90BEB /* Theme.swift in Sources */,
				B74D4A9E2CA4C1DE0032FCB2 /* ProfileView.swift in Sources */,
				B7C3B61E2CA48F7600A2677D /* UserModel.swift in Sources */,
				B7C3B6222CA4923A00A2677D /* UserMock.swift in Sources */,
				B7A9A4652CA3217800737F5D /* OptionMock.swift in Sources */,
				B7DD9E4D2C83760400B777F7 /* CourseModel.swift in Sources */,
				B7A9A4592CA3141500737F5D /* QuizModel.swift in Sources */,
				B7A9A4632CA31F1600737F5D /* ReusableOptionRow.swift in Sources */,
				B72D38BB2C805B8100B90BEB /* HomeViewController.swift in Sources */,
			);
			runOnlyForDeploymentPostprocessing = 0;
		};
/* End PBXSourcesBuildPhase section */

/* Begin PBXVariantGroup section */
		B72D38AD2C805B4900B90BEB /* LaunchScreen.storyboard */ = {
			isa = PBXVariantGroup;
			children = (
				B72D38AE2C805B4900B90BEB /* Base */,
			);
			name = LaunchScreen.storyboard;
			sourceTree = "<group>";
		};
/* End PBXVariantGroup section */

/* Begin XCBuildConfiguration section */
		B72D38B12C805B4900B90BEB /* Debug */ = {
			isa = XCBuildConfiguration;
			buildSettings = {
				ALWAYS_SEARCH_USER_PATHS = NO;
				ASSETCATALOG_COMPILER_GENERATE_SWIFT_ASSET_SYMBOL_EXTENSIONS = YES;
				CLANG_ANALYZER_NONNULL = YES;
				CLANG_ANALYZER_NUMBER_OBJECT_CONVERSION = YES_AGGRESSIVE;
				CLANG_CXX_LANGUAGE_STANDARD = "gnu++20";
				CLANG_ENABLE_MODULES = YES;
				CLANG_ENABLE_OBJC_ARC = YES;
				CLANG_ENABLE_OBJC_WEAK = YES;
				CLANG_WARN_BLOCK_CAPTURE_AUTORELEASING = YES;
				CLANG_WARN_BOOL_CONVERSION = YES;
				CLANG_WARN_COMMA = YES;
				CLANG_WARN_CONSTANT_CONVERSION = YES;
				CLANG_WARN_DEPRECATED_OBJC_IMPLEMENTATIONS = YES;
				CLANG_WARN_DIRECT_OBJC_ISA_USAGE = YES_ERROR;
				CLANG_WARN_DOCUMENTATION_COMMENTS = YES;
				CLANG_WARN_EMPTY_BODY = YES;
				CLANG_WARN_ENUM_CONVERSION = YES;
				CLANG_WARN_INFINITE_RECURSION = YES;
				CLANG_WARN_INT_CONVERSION = YES;
				CLANG_WARN_NON_LITERAL_NULL_CONVERSION = YES;
				CLANG_WARN_OBJC_IMPLICIT_RETAIN_SELF = YES;
				CLANG_WARN_OBJC_LITERAL_CONVERSION = YES;
				CLANG_WARN_OBJC_ROOT_CLASS = YES_ERROR;
				CLANG_WARN_QUOTED_INCLUDE_IN_FRAMEWORK_HEADER = YES;
				CLANG_WARN_RANGE_LOOP_ANALYSIS = YES;
				CLANG_WARN_STRICT_PROTOTYPES = YES;
				CLANG_WARN_SUSPICIOUS_MOVE = YES;
				CLANG_WARN_UNGUARDED_AVAILABILITY = YES_AGGRESSIVE;
				CLANG_WARN_UNREACHABLE_CODE = YES;
				CLANG_WARN__DUPLICATE_METHOD_MATCH = YES;
				COPY_PHASE_STRIP = NO;
				DEBUG_INFORMATION_FORMAT = dwarf;
				ENABLE_STRICT_OBJC_MSGSEND = YES;
				ENABLE_TESTABILITY = YES;
				ENABLE_USER_SCRIPT_SANDBOXING = YES;
				GCC_C_LANGUAGE_STANDARD = gnu17;
				GCC_DYNAMIC_NO_PIC = NO;
				GCC_NO_COMMON_BLOCKS = YES;
				GCC_OPTIMIZATION_LEVEL = 0;
				GCC_PREPROCESSOR_DEFINITIONS = (
					"DEBUG=1",
					"$(inherited)",
				);
				GCC_WARN_64_TO_32_BIT_CONVERSION = YES;
				GCC_WARN_ABOUT_RETURN_TYPE = YES_ERROR;
				GCC_WARN_UNDECLARED_SELECTOR = YES;
				GCC_WARN_UNINITIALIZED_AUTOS = YES_AGGRESSIVE;
				GCC_WARN_UNUSED_FUNCTION = YES;
				GCC_WARN_UNUSED_VARIABLE = YES;
				IPHONEOS_DEPLOYMENT_TARGET = 17.4;
				LOCALIZATION_PREFERS_STRING_CATALOGS = YES;
				MTL_ENABLE_DEBUG_INFO = INCLUDE_SOURCE;
				MTL_FAST_MATH = YES;
				ONLY_ACTIVE_ARCH = YES;
				SDKROOT = iphoneos;
				SWIFT_ACTIVE_COMPILATION_CONDITIONS = "DEBUG $(inherited)";
				SWIFT_OPTIMIZATION_LEVEL = "-Onone";
			};
			name = Debug;
		};
		B72D38B22C805B4900B90BEB /* Release */ = {
			isa = XCBuildConfiguration;
			buildSettings = {
				ALWAYS_SEARCH_USER_PATHS = NO;
				ASSETCATALOG_COMPILER_GENERATE_SWIFT_ASSET_SYMBOL_EXTENSIONS = YES;
				CLANG_ANALYZER_NONNULL = YES;
				CLANG_ANALYZER_NUMBER_OBJECT_CONVERSION = YES_AGGRESSIVE;
				CLANG_CXX_LANGUAGE_STANDARD = "gnu++20";
				CLANG_ENABLE_MODULES = YES;
				CLANG_ENABLE_OBJC_ARC = YES;
				CLANG_ENABLE_OBJC_WEAK = YES;
				CLANG_WARN_BLOCK_CAPTURE_AUTORELEASING = YES;
				CLANG_WARN_BOOL_CONVERSION = YES;
				CLANG_WARN_COMMA = YES;
				CLANG_WARN_CONSTANT_CONVERSION = YES;
				CLANG_WARN_DEPRECATED_OBJC_IMPLEMENTATIONS = YES;
				CLANG_WARN_DIRECT_OBJC_ISA_USAGE = YES_ERROR;
				CLANG_WARN_DOCUMENTATION_COMMENTS = YES;
				CLANG_WARN_EMPTY_BODY = YES;
				CLANG_WARN_ENUM_CONVERSION = YES;
				CLANG_WARN_INFINITE_RECURSION = YES;
				CLANG_WARN_INT_CONVERSION = YES;
				CLANG_WARN_NON_LITERAL_NULL_CONVERSION = YES;
				CLANG_WARN_OBJC_IMPLICIT_RETAIN_SELF = YES;
				CLANG_WARN_OBJC_LITERAL_CONVERSION = YES;
				CLANG_WARN_OBJC_ROOT_CLASS = YES_ERROR;
				CLANG_WARN_QUOTED_INCLUDE_IN_FRAMEWORK_HEADER = YES;
				CLANG_WARN_RANGE_LOOP_ANALYSIS = YES;
				CLANG_WARN_STRICT_PROTOTYPES = YES;
				CLANG_WARN_SUSPICIOUS_MOVE = YES;
				CLANG_WARN_UNGUARDED_AVAILABILITY = YES_AGGRESSIVE;
				CLANG_WARN_UNREACHABLE_CODE = YES;
				CLANG_WARN__DUPLICATE_METHOD_MATCH = YES;
				COPY_PHASE_STRIP = NO;
				DEBUG_INFORMATION_FORMAT = "dwarf-with-dsym";
				ENABLE_NS_ASSERTIONS = NO;
				ENABLE_STRICT_OBJC_MSGSEND = YES;
				ENABLE_USER_SCRIPT_SANDBOXING = YES;
				GCC_C_LANGUAGE_STANDARD = gnu17;
				GCC_NO_COMMON_BLOCKS = YES;
				GCC_WARN_64_TO_32_BIT_CONVERSION = YES;
				GCC_WARN_ABOUT_RETURN_TYPE = YES_ERROR;
				GCC_WARN_UNDECLARED_SELECTOR = YES;
				GCC_WARN_UNINITIALIZED_AUTOS = YES_AGGRESSIVE;
				GCC_WARN_UNUSED_FUNCTION = YES;
				GCC_WARN_UNUSED_VARIABLE = YES;
				IPHONEOS_DEPLOYMENT_TARGET = 17.4;
				LOCALIZATION_PREFERS_STRING_CATALOGS = YES;
				MTL_ENABLE_DEBUG_INFO = NO;
				MTL_FAST_MATH = YES;
				SDKROOT = iphoneos;
				SWIFT_COMPILATION_MODE = wholemodule;
				VALIDATE_PRODUCT = YES;
			};
			name = Release;
		};
		B72D38B42C805B4900B90BEB /* Debug */ = {
			isa = XCBuildConfiguration;
			buildSettings = {
				ASSETCATALOG_COMPILER_APPICON_NAME = AppIcon;
				ASSETCATALOG_COMPILER_GLOBAL_ACCENT_COLOR_NAME = AccentColor;
				CODE_SIGN_STYLE = Automatic;
				CURRENT_PROJECT_VERSION = 1;
				DEVELOPMENT_TEAM = GN86H89432;
				GENERATE_INFOPLIST_FILE = YES;
				INFOPLIST_FILE = "Learning Corner for Thai/Info.plist";
				INFOPLIST_KEY_UIApplicationSupportsIndirectInputEvents = YES;
				INFOPLIST_KEY_UILaunchStoryboardName = LaunchScreen;
				INFOPLIST_KEY_UISupportedInterfaceOrientations_iPad = "UIInterfaceOrientationPortrait UIInterfaceOrientationPortraitUpsideDown UIInterfaceOrientationLandscapeLeft UIInterfaceOrientationLandscapeRight";
				INFOPLIST_KEY_UISupportedInterfaceOrientations_iPhone = "UIInterfaceOrientationPortrait UIInterfaceOrientationLandscapeLeft UIInterfaceOrientationLandscapeRight";
				LD_RUNPATH_SEARCH_PATHS = (
					"$(inherited)",
					"@executable_path/Frameworks",
				);
				MARKETING_VERSION = 1.0;
				PRODUCT_BUNDLE_IDENTIFIER = "com.learningcorner.Learning-Corner-for-Thai";
				PRODUCT_NAME = "$(TARGET_NAME)";
				SWIFT_EMIT_LOC_STRINGS = YES;
				SWIFT_VERSION = 5.0;
				TARGETED_DEVICE_FAMILY = "1,2";
			};
			name = Debug;
		};
		B72D38B52C805B4900B90BEB /* Release */ = {
			isa = XCBuildConfiguration;
			buildSettings = {
				ASSETCATALOG_COMPILER_APPICON_NAME = AppIcon;
				ASSETCATALOG_COMPILER_GLOBAL_ACCENT_COLOR_NAME = AccentColor;
				CODE_SIGN_STYLE = Automatic;
				CURRENT_PROJECT_VERSION = 1;
				DEVELOPMENT_TEAM = GN86H89432;
				GENERATE_INFOPLIST_FILE = YES;
				INFOPLIST_FILE = "Learning Corner for Thai/Info.plist";
				INFOPLIST_KEY_UIApplicationSupportsIndirectInputEvents = YES;
				INFOPLIST_KEY_UILaunchStoryboardName = LaunchScreen;
				INFOPLIST_KEY_UISupportedInterfaceOrientations_iPad = "UIInterfaceOrientationPortrait UIInterfaceOrientationPortraitUpsideDown UIInterfaceOrientationLandscapeLeft UIInterfaceOrientationLandscapeRight";
				INFOPLIST_KEY_UISupportedInterfaceOrientations_iPhone = "UIInterfaceOrientationPortrait UIInterfaceOrientationLandscapeLeft UIInterfaceOrientationLandscapeRight";
				LD_RUNPATH_SEARCH_PATHS = (
					"$(inherited)",
					"@executable_path/Frameworks",
				);
				MARKETING_VERSION = 1.0;
				PRODUCT_BUNDLE_IDENTIFIER = "com.learningcorner.Learning-Corner-for-Thai";
				PRODUCT_NAME = "$(TARGET_NAME)";
				SWIFT_EMIT_LOC_STRINGS = YES;
				SWIFT_VERSION = 5.0;
				TARGETED_DEVICE_FAMILY = "1,2";
			};
			name = Release;
		};
/* End XCBuildConfiguration section */

/* Begin XCConfigurationList section */
		B72D389A2C805B4700B90BEB /* Build configuration list for PBXProject "Learning Corner for Thai" */ = {
			isa = XCConfigurationList;
			buildConfigurations = (
				B72D38B12C805B4900B90BEB /* Debug */,
				B72D38B22C805B4900B90BEB /* Release */,
			);
			defaultConfigurationIsVisible = 0;
			defaultConfigurationName = Release;
		};
		B72D38B32C805B4900B90BEB /* Build configuration list for PBXNativeTarget "Learning Corner for Thai" */ = {
			isa = XCConfigurationList;
			buildConfigurations = (
				B72D38B42C805B4900B90BEB /* Debug */,
				B72D38B52C805B4900B90BEB /* Release */,
			);
			defaultConfigurationIsVisible = 0;
			defaultConfigurationName = Release;
		};
/* End XCConfigurationList section */

/* Begin XCRemoteSwiftPackageReference section */
		B73FFE3E2CA31F1A00DE5A90 /* XCRemoteSwiftPackageReference "firebase-ios-sdk" */ = {
			isa = XCRemoteSwiftPackageReference;
			repositoryURL = "https://github.com/firebase/firebase-ios-sdk";
			requirement = {
				kind = upToNextMajorVersion;
				minimumVersion = 11.2.0;
			};
		};
		B73FFE4C2CA31FCF00DE5A90 /* XCRemoteSwiftPackageReference "GoogleSignIn-iOS" */ = {
			isa = XCRemoteSwiftPackageReference;
			repositoryURL = "https://github.com/google/GoogleSignIn-iOS";
			requirement = {
				kind = upToNextMajorVersion;
				minimumVersion = 8.0.0;
			};
		};
/* End XCRemoteSwiftPackageReference section */

/* Begin XCSwiftPackageProductDependency section */
		B73FFE402CA31F9800DE5A90 /* FirebaseAnalytics */ = {
			isa = XCSwiftPackageProductDependency;
			package = B73FFE3E2CA31F1A00DE5A90 /* XCRemoteSwiftPackageReference "firebase-ios-sdk" */;
			productName = FirebaseAnalytics;
		};
		B73FFE422CA31F9800DE5A90 /* FirebaseAnalyticsOnDeviceConversion */ = {
			isa = XCSwiftPackageProductDependency;
			package = B73FFE3E2CA31F1A00DE5A90 /* XCRemoteSwiftPackageReference "firebase-ios-sdk" */;
			productName = FirebaseAnalyticsOnDeviceConversion;
		};
		B73FFE442CA31F9800DE5A90 /* FirebaseAnalyticsWithoutAdIdSupport */ = {
			isa = XCSwiftPackageProductDependency;
			package = B73FFE3E2CA31F1A00DE5A90 /* XCRemoteSwiftPackageReference "firebase-ios-sdk" */;
			productName = FirebaseAnalyticsWithoutAdIdSupport;
		};
		B73FFE462CA31F9800DE5A90 /* FirebaseAppCheck */ = {
			isa = XCSwiftPackageProductDependency;
			package = B73FFE3E2CA31F1A00DE5A90 /* XCRemoteSwiftPackageReference "firebase-ios-sdk" */;
			productName = FirebaseAppCheck;
		};
		B73FFE482CA31F9800DE5A90 /* FirebaseAppDistribution-Beta */ = {
			isa = XCSwiftPackageProductDependency;
			package = B73FFE3E2CA31F1A00DE5A90 /* XCRemoteSwiftPackageReference "firebase-ios-sdk" */;
			productName = "FirebaseAppDistribution-Beta";
		};
		B73FFE4A2CA31F9800DE5A90 /* FirebaseAuth */ = {
			isa = XCSwiftPackageProductDependency;
			package = B73FFE3E2CA31F1A00DE5A90 /* XCRemoteSwiftPackageReference "firebase-ios-sdk" */;
			productName = FirebaseAuth;
		};
		B73FFE4D2CA31FCF00DE5A90 /* GoogleSignIn */ = {
			isa = XCSwiftPackageProductDependency;
			package = B73FFE4C2CA31FCF00DE5A90 /* XCRemoteSwiftPackageReference "GoogleSignIn-iOS" */;
			productName = GoogleSignIn;
		};
		B73FFE4F2CA31FCF00DE5A90 /* GoogleSignInSwift */ = {
			isa = XCSwiftPackageProductDependency;
			package = B73FFE4C2CA31FCF00DE5A90 /* XCRemoteSwiftPackageReference "GoogleSignIn-iOS" */;
			productName = GoogleSignInSwift;
		};
/* End XCSwiftPackageProductDependency section */
	};
	rootObject = B72D38972C805B4700B90BEB /* Project object */;
}
